
Microsoft Visual Studio Solution File, Format Version 12.00
# Visual Studio Version 17
VisualStudioVersion = 17.4.33213.308
MinimumVisualStudioVersion = 10.0.40219.1
Project("{FAE04EC0-301F-11D3-BF4B-00C04F79EFBC}") = "COMP003A.Assignment7", "COMP003A.Assignment7\COMP003A.Assignment7.csproj", "{02DD9CBA-CF34-470E-A705-8869F752AFD9}"
EndProject
Global
	GlobalSection(SolutionConfigurationPlatforms) = preSolution
		Debug|Any CPU = Debug|Any CPU
		Release|Any CPU = Release|Any CPU
	EndGlobalSection
	GlobalSection(ProjectConfigurationPlatforms) = postSolution
		{02DD9CBA-CF34-470E-A705-8869F752AFD9}.Debug|Any CPU.ActiveCfg = Debug|Any CPU
		{02DD9CBA-CF34-470E-A705-8869F752AFD9}.Debug|Any CPU.Build.0 = Debug|Any CPU
		{02DD9CBA-CF34-470E-A705-8869F752AFD9}.Release|Any CPU.ActiveCfg = Release|Any CPU
		{02DD9CBA-CF34-470E-A705-8869F752AFD9}.Release|Any CPU.Build.0 = Release|Any CPU
	EndGlobalSection
	GlobalSection(SolutionProperties) = preSolution
		HideSolutionNode = FALSE
	EndGlobalSection
	GlobalSection(ExtensibilityGlobals) = postSolution
		SolutionGuid = {086E3A65-A823-4CFD-A1E1-7F6025ECAB64}
	EndGlobalSection
EndGlobal
